
Microsoft Visual Studio Solution File, Format Version 12.00
# Visual Studio Version 16
VisualStudioVersion = 16.0.31424.327
MinimumVisualStudioVersion = 10.0.40219.1
Project("{FAE04EC0-301F-11D3-BF4B-00C04F79EFBC}") = "TestePost", "TestePost\TestePost.csproj", "{DB0F275A-898D-4456-90F7-EB68ADF77B44}"
EndProject
Global
	GlobalSection(SolutionConfigurationPlatforms) = preSolution
		Debug|Any CPU = Debug|Any CPU
		Release|Any CPU = Release|Any CPU
	EndGlobalSection
	GlobalSection(ProjectConfigurationPlatforms) = postSolution
		{DB0F275A-898D-4456-90F7-EB68ADF77B44}.Debug|Any CPU.ActiveCfg = Debug|Any CPU
		{DB0F275A-898D-4456-90F7-EB68ADF77B44}.Debug|Any CPU.Build.0 = Debug|Any CPU
		{DB0F275A-898D-4456-90F7-EB68ADF77B44}.Release|Any CPU.ActiveCfg = Release|Any CPU
		{DB0F275A-898D-4456-90F7-EB68ADF77B44}.Release|Any CPU.Build.0 = Release|Any CPU
	EndGlobalSection
	GlobalSection(SolutionProperties) = preSolution
		HideSolutionNode = FALSE
	EndGlobalSection
	GlobalSection(ExtensibilityGlobals) = postSolution
		SolutionGuid = {0E8D4E69-5EE8-46D9-95E4-76D543E4A8BB}
	EndGlobalSection
EndGlobal
